
Microsoft Visual Studio Solution File, Format Version 12.00
# Visual Studio 2012
Project("{FAE04EC0-301F-11D3-BF4B-00C04F79EFBC}") = "FRGS.Model", "FRGS.Model\FRGS.Model.csproj", "{02C484A9-6D78-4529-AEFD-32DE918D839F}"
EndProject
Project("{FAE04EC0-301F-11D3-BF4B-00C04F79EFBC}") = "FRGS.Data", "FRGS.Data\FRGS.Data.csproj", "{21AF2372-0404-4C57-B64A-B25BDA2278B5}"
EndProject
Project("{FAE04EC0-301F-11D3-BF4B-00C04F79EFBC}") = "FRGS.Db", "FRGS.Db\FRGS.Db.csproj", "{AB9A10D1-470E-40E3-B80B-128E449863A5}"
EndProject
Project("{FAE04EC0-301F-11D3-BF4B-00C04F79EFBC}") = "FRGS.Test.Unit", "FRGS.Test.Unit\FRGS.Test.Unit.csproj", "{FA2576C0-BA6B-4739-9BAD-F1A42A58C12A}"
EndProject
Project("{FAE04EC0-301F-11D3-BF4B-00C04F79EFBC}") = "FRGS.Test.Integrated", "FRGS.Test.Integrated\FRGS.Test.Integrated.csproj", "{CF253F12-7F71-4098-AF84-4DE92AB48B33}"
EndProject
Global
	GlobalSection(SolutionConfigurationPlatforms) = preSolution
		Debug|Any CPU = Debug|Any CPU
		Release|Any CPU = Release|Any CPU
	EndGlobalSection
	GlobalSection(ProjectConfigurationPlatforms) = postSolution
		{02C484A9-6D78-4529-AEFD-32DE918D839F}.Debug|Any CPU.ActiveCfg = Debug|Any CPU
		{02C484A9-6D78-4529-AEFD-32DE918D839F}.Debug|Any CPU.Build.0 = Debug|Any CPU
		{02C484A9-6D78-4529-AEFD-32DE918D839F}.Release|Any CPU.ActiveCfg = Release|Any CPU
		{02C484A9-6D78-4529-AEFD-32DE918D839F}.Release|Any CPU.Build.0 = Release|Any CPU
		{21AF2372-0404-4C57-B64A-B25BDA2278B5}.Debug|Any CPU.ActiveCfg = Debug|Any CPU
		{21AF2372-0404-4C57-B64A-B25BDA2278B5}.Debug|Any CPU.Build.0 = Debug|Any CPU
		{21AF2372-0404-4C57-B64A-B25BDA2278B5}.Release|Any CPU.ActiveCfg = Release|Any CPU
		{21AF2372-0404-4C57-B64A-B25BDA2278B5}.Release|Any CPU.Build.0 = Release|Any CPU
		{AB9A10D1-470E-40E3-B80B-128E449863A5}.Debug|Any CPU.ActiveCfg = Debug|Any CPU
		{AB9A10D1-470E-40E3-B80B-128E449863A5}.Debug|Any CPU.Build.0 = Debug|Any CPU
		{AB9A10D1-470E-40E3-B80B-128E449863A5}.Release|Any CPU.ActiveCfg = Release|Any CPU
		{AB9A10D1-470E-40E3-B80B-128E449863A5}.Release|Any CPU.Build.0 = Release|Any CPU
		{FA2576C0-BA6B-4739-9BAD-F1A42A58C12A}.Debug|Any CPU.ActiveCfg = Debug|Any CPU
		{FA2576C0-BA6B-4739-9BAD-F1A42A58C12A}.Debug|Any CPU.Build.0 = Debug|Any CPU
		{FA2576C0-BA6B-4739-9BAD-F1A42A58C12A}.Release|Any CPU.ActiveCfg = Release|Any CPU
		{FA2576C0-BA6B-4739-9BAD-F1A42A58C12A}.Release|Any CPU.Build.0 = Release|Any CPU
		{CF253F12-7F71-4098-AF84-4DE92AB48B33}.Debug|Any CPU.ActiveCfg = Debug|Any CPU
		{CF253F12-7F71-4098-AF84-4DE92AB48B33}.Debug|Any CPU.Build.0 = Debug|Any CPU
		{CF253F12-7F71-4098-AF84-4DE92AB48B33}.Release|Any CPU.ActiveCfg = Release|Any CPU
		{CF253F12-7F71-4098-AF84-4DE92AB48B33}.Release|Any CPU.Build.0 = Release|Any CPU
	EndGlobalSection
	GlobalSection(SolutionProperties) = preSolution
		HideSolutionNode = FALSE
	EndGlobalSection
EndGlobal
